{
    "name": "odatav4-products",
    "version": "0.0.1",
    "lockfileVersion": 3,
    "requires": true,
    "packages": {
        "": {
            "name": "odatav4-products",
            "version": "0.0.1",
            "devDependencies": {
                "@sapui5/types": "^1.126.1"
            }
        },
        "node_modules/@sapui5/types": {
            "version": "1.126.1",
            "resolved": "https://registry.npmjs.org/@sapui5/types/-/types-1.126.1.tgz",
            "integrity": "sha512-Nxaa3Z2iDbsZZCcvnutBYygFIWrO0UrHydj/N8afL7HpkaFO/8iXZvEnkDsOLL91tIDOSMxCYbKmbgd/6bi5xA==",
            "dev": true,
            "dependencies": {
                "@types/jquery": "3.5.13",
                "@types/offscreencanvas": "2019.6.4",
                "@types/qunit": "2.5.4",
                "@types/three": "0.125.3"
            }
        },
        "node_modules/@types/jquery": {
            "version": "3.5.13",
            "resolved": "https://registry.npmjs.org/@types/jquery/-/jquery-3.5.13.tgz",
            "integrity": "sha512-ZxJrup8nz/ZxcU0vantG+TPdboMhB24jad2uSap50zE7Q9rUeYlCF25kFMSmHR33qoeOgqcdHEp3roaookC0Sg==",
            "dev": true,
            "dependencies": {
                "@types/sizzle": "*"
            }
        },
        "node_modules/@types/offscreencanvas": {
            "version": "2019.6.4",
            "resolved": "https://registry.npmjs.org/@types/offscreencanvas/-/offscreencanvas-2019.6.4.tgz",
            "integrity": "sha512-u8SAgdZ8ROtkTF+mfZGOscl0or6BSj9A4g37e6nvxDc+YB/oDut0wHkK2PBBiC2bNR8TS0CPV+1gAk4fNisr1Q==",
            "dev": true
        },
        "node_modules/@types/qunit": {
            "version": "2.5.4",
            "resolved": "https://registry.npmjs.org/@types/qunit/-/qunit-2.5.4.tgz",
            "integrity": "sha512-VHi2lEd4/zp8OOouf43JXGJJ5ZxHvdLL1dU0Yakp6Iy73SjpuXl7yjwAwmh1qhTv8krDgHteSwaySr++uXX9YQ==",
            "dev": true
        },
        "node_modules/@types/sizzle": {
            "version": "2.3.8",
            "resolved": "https://registry.npmjs.org/@types/sizzle/-/sizzle-2.3.8.tgz",
            "integrity": "sha512-0vWLNK2D5MT9dg0iOo8GlKguPAU02QjmZitPEsXRuJXU/OGIOt9vT9Fc26wtYuavLxtO45v9PGleoL9Z0k1LHg==",
            "dev": true
        },
        "node_modules/@types/three": {
            "version": "0.125.3",
            "resolved": "https://registry.npmjs.org/@types/three/-/three-0.125.3.tgz",
            "integrity": "sha512-tUPMzKooKDvMOhqcNVUPwkt+JNnF8ASgWSsrLgleVd0SjLj4boJhteSsF9f6YDjye0mmUjO+BDMWW83F97ehXA==",
            "dev": true
        }
    }
}
